// !$*UTF8*$!
{
	archiveVersion = 1;
	classes = {
	};
	objectVersion = 56;
	objects = {

/* Begin PBXBuildFile section */
		225E45AB29AD405100B612ED /* RideRequestView.swift in Sources */ = {isa = PBXBuildFile; fileRef = 225E45AA29AD405100B612ED /* RideRequestView.swift */; };
		225E45AD29ADD80000B612ED /* RideType.swift in Sources */ = {isa = PBXBuildFile; fileRef = 225E45AC29ADD80000B612ED /* RideType.swift */; };
		225E45AF29ADEC5F00B612ED /* Double.swift in Sources */ = {isa = PBXBuildFile; fileRef = 225E45AE29ADEC5F00B612ED /* Double.swift */; };
		225E45B129ADF65F00B612ED /* UberLocation.swift in Sources */ = {isa = PBXBuildFile; fileRef = 225E45B029ADF65F00B612ED /* UberLocation.swift */; };
		22DCA42D29AB4D26001ED045 /* SwiftUberApp.swift in Sources */ = {isa = PBXBuildFile; fileRef = 22DCA42C29AB4D26001ED045 /* SwiftUberApp.swift */; };
		22DCA43129AB4D2B001ED045 /* Assets.xcassets in Resources */ = {isa = PBXBuildFile; fileRef = 22DCA43029AB4D2B001ED045 /* Assets.xcassets */; };
		22DCA43429AB4D2B001ED045 /* Preview Assets.xcassets in Resources */ = {isa = PBXBuildFile; fileRef = 22DCA43329AB4D2B001ED045 /* Preview Assets.xcassets */; };
		22DCA44329AB4E81001ED045 /* HomeView.swift in Sources */ = {isa = PBXBuildFile; fileRef = 22DCA44229AB4E81001ED045 /* HomeView.swift */; };
		22DCA44829AB5B24001ED045 /* UberMapViewRepresentable.swift in Sources */ = {isa = PBXBuildFile; fileRef = 22DCA44729AB5B24001ED045 /* UberMapViewRepresentable.swift */; };
		22DCA44A29ABB8A2001ED045 /* LocationManager.swift in Sources */ = {isa = PBXBuildFile; fileRef = 22DCA44929ABB8A2001ED045 /* LocationManager.swift */; };
		22DCA45129ABC945001ED045 /* LocationSearchActivationView.swift in Sources */ = {isa = PBXBuildFile; fileRef = 22DCA45029ABC945001ED045 /* LocationSearchActivationView.swift */; };
		22DCA45329ABCE6E001ED045 /* MapViewActionButton.swift in Sources */ = {isa = PBXBuildFile; fileRef = 22DCA45229ABCE6E001ED045 /* MapViewActionButton.swift */; };
		22DCA45529ABD2E2001ED045 /* LocationSearchView.swift in Sources */ = {isa = PBXBuildFile; fileRef = 22DCA45429ABD2E2001ED045 /* LocationSearchView.swift */; };
		22DCA45729ABD849001ED045 /* LocationSearchResultCell.swift in Sources */ = {isa = PBXBuildFile; fileRef = 22DCA45629ABD849001ED045 /* LocationSearchResultCell.swift */; };
		22DCA45929ABE121001ED045 /* LocationSearchViewModel.swift in Sources */ = {isa = PBXBuildFile; fileRef = 22DCA45829ABE121001ED045 /* LocationSearchViewModel.swift */; };
		22DCA45B29AC8EFC001ED045 /* MapViewState.swift in Sources */ = {isa = PBXBuildFile; fileRef = 22DCA45A29AC8EFC001ED045 /* MapViewState.swift */; };
/* End PBXBuildFile section */

/* Begin PBXFileReference section */
		225E45AA29AD405100B612ED /* RideRequestView.swift */ = {isa = PBXFileReference; lastKnownFileType = sourcecode.swift; path = RideRequestView.swift; sourceTree = "<group>"; };
		225E45AC29ADD80000B612ED /* RideType.swift */ = {isa = PBXFileReference; lastKnownFileType = sourcecode.swift; path = RideType.swift; sourceTree = "<group>"; };
		225E45AE29ADEC5F00B612ED /* Double.swift */ = {isa = PBXFileReference; lastKnownFileType = sourcecode.swift; path = Double.swift; sourceTree = "<group>"; };
		225E45B029ADF65F00B612ED /* UberLocation.swift */ = {isa = PBXFileReference; lastKnownFileType = sourcecode.swift; path = UberLocation.swift; sourceTree = "<group>"; };
		22DCA42929AB4D26001ED045 /* SwiftUber.app */ = {isa = PBXFileReference; explicitFileType = wrapper.application; includeInIndex = 0; path = SwiftUber.app; sourceTree = BUILT_PRODUCTS_DIR; };
		22DCA42C29AB4D26001ED045 /* SwiftUberApp.swift */ = {isa = PBXFileReference; lastKnownFileType = sourcecode.swift; path = SwiftUberApp.swift; sourceTree = "<group>"; };
		22DCA43029AB4D2B001ED045 /* Assets.xcassets */ = {isa = PBXFileReference; lastKnownFileType = folder.assetcatalog; path = Assets.xcassets; sourceTree = "<group>"; };
		22DCA43329AB4D2B001ED045 /* Preview Assets.xcassets */ = {isa = PBXFileReference; lastKnownFileType = folder.assetcatalog; path = "Preview Assets.xcassets"; sourceTree = "<group>"; };
		22DCA44229AB4E81001ED045 /* HomeView.swift */ = {isa = PBXFileReference; lastKnownFileType = sourcecode.swift; path = HomeView.swift; sourceTree = "<group>"; };
		22DCA44729AB5B24001ED045 /* UberMapViewRepresentable.swift */ = {isa = PBXFileReference; lastKnownFileType = sourcecode.swift; path = UberMapViewRepresentable.swift; sourceTree = "<group>"; };
		22DCA44929ABB8A2001ED045 /* LocationManager.swift */ = {isa = PBXFileReference; lastKnownFileType = sourcecode.swift; path = LocationManager.swift; sourceTree = "<group>"; };
		22DCA45029ABC945001ED045 /* LocationSearchActivationView.swift */ = {isa = PBXFileReference; lastKnownFileType = sourcecode.swift; path = LocationSearchActivationView.swift; sourceTree = "<group>"; };
		22DCA45229ABCE6E001ED045 /* MapViewActionButton.swift */ = {isa = PBXFileReference; lastKnownFileType = sourcecode.swift; path = MapViewActionButton.swift; sourceTree = "<group>"; };
		22DCA45429ABD2E2001ED045 /* LocationSearchView.swift */ = {isa = PBXFileReference; lastKnownFileType = sourcecode.swift; path = LocationSearchView.swift; sourceTree = "<group>"; };
		22DCA45629ABD849001ED045 /* LocationSearchResultCell.swift */ = {isa = PBXFileReference; lastKnownFileType = sourcecode.swift; path = LocationSearchResultCell.swift; sourceTree = "<group>"; };
		22DCA45829ABE121001ED045 /* LocationSearchViewModel.swift */ = {isa = PBXFileReference; lastKnownFileType = sourcecode.swift; path = LocationSearchViewModel.swift; sourceTree = "<group>"; };
		22DCA45A29AC8EFC001ED045 /* MapViewState.swift */ = {isa = PBXFileReference; lastKnownFileType = sourcecode.swift; path = MapViewState.swift; sourceTree = "<group>"; };
/* End PBXFileReference section */

/* Begin PBXFrameworksBuildPhase section */
		22DCA42629AB4D26001ED045 /* Frameworks */ = {
			isa = PBXFrameworksBuildPhase;
			buildActionMask = 2147483647;
			files = (
			);
			runOnlyForDeploymentPostprocessing = 0;
		};
/* End PBXFrameworksBuildPhase section */

/* Begin PBXGroup section */
		225E45A929AD403300B612ED /* Trips */ = {
			isa = PBXGroup;
			children = (
				225E45AA29AD405100B612ED /* RideRequestView.swift */,
			);
			path = Trips;
			sourceTree = "<group>";
		};
		22DCA42029AB4D25001ED045 = {
			isa = PBXGroup;
			children = (
				22DCA42B29AB4D26001ED045 /* SwiftUber */,
				22DCA42A29AB4D26001ED045 /* Products */,
			);
			sourceTree = "<group>";
		};
		22DCA42A29AB4D26001ED045 /* Products */ = {
			isa = PBXGroup;
			children = (
				22DCA42929AB4D26001ED045 /* SwiftUber.app */,
			);
			name = Products;
			sourceTree = "<group>";
		};
		22DCA42B29AB4D26001ED045 /* SwiftUber */ = {
			isa = PBXGroup;
			children = (
				22DCA43E29AB4DBF001ED045 /* App */,
				22DCA43D29AB4DB9001ED045 /* Core */,
				22DCA43C29AB4DB7001ED045 /* Extensions */,
				22DCA43B29AB4DB6001ED045 /* Managers */,
				22DCA43A29AB4DB3001ED045 /* Models */,
				22DCA43029AB4D2B001ED045 /* Assets.xcassets */,
				22DCA43229AB4D2B001ED045 /* Preview Content */,
			);
			path = SwiftUber;
			sourceTree = "<group>";
		};
		22DCA43229AB4D2B001ED045 /* Preview Content */ = {
			isa = PBXGroup;
			children = (
				22DCA43329AB4D2B001ED045 /* Preview Assets.xcassets */,
			);
			path = "Preview Content";
			sourceTree = "<group>";
		};
		22DCA43A29AB4DB3001ED045 /* Models */ = {
			isa = PBXGroup;
			children = (
				22DCA45A29AC8EFC001ED045 /* MapViewState.swift */,
				225E45AC29ADD80000B612ED /* RideType.swift */,
				225E45B029ADF65F00B612ED /* UberLocation.swift */,
			);
			path = Models;
			sourceTree = "<group>";
		};
		22DCA43B29AB4DB6001ED045 /* Managers */ = {
			isa = PBXGroup;
			children = (
				22DCA44929ABB8A2001ED045 /* LocationManager.swift */,
			);
			path = Managers;
			sourceTree = "<group>";
		};
		22DCA43C29AB4DB7001ED045 /* Extensions */ = {
			isa = PBXGroup;
			children = (
				225E45AE29ADEC5F00B612ED /* Double.swift */,
			);
			path = Extensions;
			sourceTree = "<group>";
		};
		22DCA43D29AB4DB9001ED045 /* Core */ = {
			isa = PBXGroup;
			children = (
				225E45A929AD403300B612ED /* Trips */,
				22DCA44D29ABC769001ED045 /* LocationSearch */,
				22DCA44C29ABC753001ED045 /* Home */,
			);
			path = Core;
			sourceTree = "<group>";
		};
		22DCA43E29AB4DBF001ED045 /* App */ = {
			isa = PBXGroup;
			children = (
				22DCA42C29AB4D26001ED045 /* SwiftUberApp.swift */,
			);
			path = App;
			sourceTree = "<group>";
		};
		22DCA43F29AB4E0C001ED045 /* ViewModel */ = {
			isa = PBXGroup;
			children = (
			);
			path = ViewModel;
			sourceTree = "<group>";
		};
		22DCA44129AB4E27001ED045 /* Views */ = {
			isa = PBXGroup;
			children = (
				22DCA44229AB4E81001ED045 /* HomeView.swift */,
				22DCA44729AB5B24001ED045 /* UberMapViewRepresentable.swift */,
				22DCA45229ABCE6E001ED045 /* MapViewActionButton.swift */,
			);
			path = Views;
			sourceTree = "<group>";
		};
		22DCA44C29ABC753001ED045 /* Home */ = {
			isa = PBXGroup;
			children = (
				22DCA43F29AB4E0C001ED045 /* ViewModel */,
				22DCA44129AB4E27001ED045 /* Views */,
			);
			path = Home;
			sourceTree = "<group>";
		};
		22DCA44D29ABC769001ED045 /* LocationSearch */ = {
			isa = PBXGroup;
			children = (
				22DCA44E29ABC77B001ED045 /* ViewModel */,
				22DCA44F29ABC787001ED045 /* View */,
			);
			path = LocationSearch;
			sourceTree = "<group>";
		};
		22DCA44E29ABC77B001ED045 /* ViewModel */ = {
			isa = PBXGroup;
			children = (
				22DCA45829ABE121001ED045 /* LocationSearchViewModel.swift */,
			);
			path = ViewModel;
			sourceTree = "<group>";
		};
		22DCA44F29ABC787001ED045 /* View */ = {
			isa = PBXGroup;
			children = (
				22DCA45029ABC945001ED045 /* LocationSearchActivationView.swift */,
				22DCA45429ABD2E2001ED045 /* LocationSearchView.swift */,
				22DCA45629ABD849001ED045 /* LocationSearchResultCell.swift */,
			);
			path = View;
			sourceTree = "<group>";
		};
/* End PBXGroup section */

/* Begin PBXNativeTarget section */
		22DCA42829AB4D26001ED045 /* SwiftUber */ = {
			isa = PBXNativeTarget;
			buildConfigurationList = 22DCA43729AB4D2B001ED045 /* Build configuration list for PBXNativeTarget "SwiftUber" */;
			buildPhases = (
				22DCA42529AB4D26001ED045 /* Sources */,
				22DCA42629AB4D26001ED045 /* Frameworks */,
				22DCA42729AB4D26001ED045 /* Resources */,
			);
			buildRules = (
			);
			dependencies = (
			);
			name = SwiftUber;
			productName = SwiftUber;
			productReference = 22DCA42929AB4D26001ED045 /* SwiftUber.app */;
			productType = "com.apple.product-type.application";
		};
/* End PBXNativeTarget section */

/* Begin PBXProject section */
		22DCA42129AB4D25001ED045 /* Project object */ = {
			isa = PBXProject;
			attributes = {
				BuildIndependentTargetsInParallel = 1;
				LastSwiftUpdateCheck = 1410;
				LastUpgradeCheck = 1410;
				TargetAttributes = {
					22DCA42829AB4D26001ED045 = {
						CreatedOnToolsVersion = 14.1;
					};
				};
			};
			buildConfigurationList = 22DCA42429AB4D25001ED045 /* Build configuration list for PBXProject "SwiftUber" */;
			compatibilityVersion = "Xcode 14.0";
			developmentRegion = en;
			hasScannedForEncodings = 0;
			knownRegions = (
				en,
				Base,
			);
			mainGroup = 22DCA42029AB4D25001ED045;
			productRefGroup = 22DCA42A29AB4D26001ED045 /* Products */;
			projectDirPath = "";
			projectRoot = "";
			targets = (
				22DCA42829AB4D26001ED045 /* SwiftUber */,
			);
		};
/* End PBXProject section */

/* Begin PBXResourcesBuildPhase section */
		22DCA42729AB4D26001ED045 /* Resources */ = {
			isa = PBXResourcesBuildPhase;
			buildActionMask = 2147483647;
			files = (
				22DCA43429AB4D2B001ED045 /* Preview Assets.xcassets in Resources */,
				22DCA43129AB4D2B001ED045 /* Assets.xcassets in Resources */,
			);
			runOnlyForDeploymentPostprocessing = 0;
		};
/* End PBXResourcesBuildPhase section */

/* Begin PBXSourcesBuildPhase section */
		22DCA42529AB4D26001ED045 /* Sources */ = {
			isa = PBXSourcesBuildPhase;
			buildActionMask = 2147483647;
			files = (
				22DCA45929ABE121001ED045 /* LocationSearchViewModel.swift in Sources */,
				22DCA45529ABD2E2001ED045 /* LocationSearchView.swift in Sources */,
				22DCA44A29ABB8A2001ED045 /* LocationManager.swift in Sources */,
				225E45AB29AD405100B612ED /* RideRequestView.swift in Sources */,
				225E45AF29ADEC5F00B612ED /* Double.swift in Sources */,
				22DCA45B29AC8EFC001ED045 /* MapViewState.swift in Sources */,
				22DCA45329ABCE6E001ED045 /* MapViewActionButton.swift in Sources */,
				22DCA42D29AB4D26001ED045 /* SwiftUberApp.swift in Sources */,
				22DCA44829AB5B24001ED045 /* UberMapViewRepresentable.swift in Sources */,
				22DCA44329AB4E81001ED045 /* HomeView.swift in Sources */,
				225E45B129ADF65F00B612ED /* UberLocation.swift in Sources */,
				22DCA45129ABC945001ED045 /* LocationSearchActivationView.swift in Sources */,
				22DCA45729ABD849001ED045 /* LocationSearchResultCell.swift in Sources */,
				225E45AD29ADD80000B612ED /* RideType.swift in Sources */,
			);
			runOnlyForDeploymentPostprocessing = 0;
		};
/* End PBXSourcesBuildPhase section */

/* Begin XCBuildConfiguration section */
		22DCA43529AB4D2B001ED045 /* Debug */ = {
			isa = XCBuildConfiguration;
			buildSettings = {
				ALWAYS_SEARCH_USER_PATHS = NO;
				CLANG_ANALYZER_NONNULL = YES;
				CLANG_ANALYZER_NUMBER_OBJECT_CONVERSION = YES_AGGRESSIVE;
				CLANG_CXX_LANGUAGE_STANDARD = "gnu++20";
				CLANG_ENABLE_MODULES = YES;
				CLANG_ENABLE_OBJC_ARC = YES;
				CLANG_ENABLE_OBJC_WEAK = YES;
				CLANG_WARN_BLOCK_CAPTURE_AUTORELEASING = YES;
				CLANG_WARN_BOOL_CONVERSION = YES;
				CLANG_WARN_COMMA = YES;
				CLANG_WARN_CONSTANT_CONVERSION = YES;
				CLANG_WARN_DEPRECATED_OBJC_IMPLEMENTATIONS = YES;
				CLANG_WARN_DIRECT_OBJC_ISA_USAGE = YES_ERROR;
				CLANG_WARN_DOCUMENTATION_COMMENTS = YES;
				CLANG_WARN_EMPTY_BODY = YES;
				CLANG_WARN_ENUM_CONVERSION = YES;
				CLANG_WARN_INFINITE_RECURSION = YES;
				CLANG_WARN_INT_CONVERSION = YES;
				CLANG_WARN_NON_LITERAL_NULL_CONVERSION = YES;
				CLANG_WARN_OBJC_IMPLICIT_RETAIN_SELF = YES;
				CLANG_WARN_OBJC_LITERAL_CONVERSION = YES;
				CLANG_WARN_OBJC_ROOT_CLASS = YES_ERROR;
				CLANG_WARN_QUOTED_INCLUDE_IN_FRAMEWORK_HEADER = YES;
				CLANG_WARN_RANGE_LOOP_ANALYSIS = YES;
				CLANG_WARN_STRICT_PROTOTYPES = YES;
				CLANG_WARN_SUSPICIOUS_MOVE = YES;
				CLANG_WARN_UNGUARDED_AVAILABILITY = YES_AGGRESSIVE;
				CLANG_WARN_UNREACHABLE_CODE = YES;
				CLANG_WARN__DUPLICATE_METHOD_MATCH = YES;
				COPY_PHASE_STRIP = NO;
				DEBUG_INFORMATION_FORMAT = dwarf;
				ENABLE_STRICT_OBJC_MSGSEND = YES;
				ENABLE_TESTABILITY = YES;
				GCC_C_LANGUAGE_STANDARD = gnu11;
				GCC_DYNAMIC_NO_PIC = NO;
				GCC_NO_COMMON_BLOCKS = YES;
				GCC_OPTIMIZATION_LEVEL = 0;
				GCC_PREPROCESSOR_DEFINITIONS = (
					"DEBUG=1",
					"$(inherited)",
				);
				GCC_WARN_64_TO_32_BIT_CONVERSION = YES;
				GCC_WARN_ABOUT_RETURN_TYPE = YES_ERROR;
				GCC_WARN_UNDECLARED_SELECTOR = YES;
				GCC_WARN_UNINITIALIZED_AUTOS = YES_AGGRESSIVE;
				GCC_WARN_UNUSED_FUNCTION = YES;
				GCC_WARN_UNUSED_VARIABLE = YES;
				IPHONEOS_DEPLOYMENT_TARGET = 16.1;
				MTL_ENABLE_DEBUG_INFO = INCLUDE_SOURCE;
				MTL_FAST_MATH = YES;
				ONLY_ACTIVE_ARCH = YES;
				SDKROOT = iphoneos;
				SWIFT_ACTIVE_COMPILATION_CONDITIONS = DEBUG;
				SWIFT_OPTIMIZATION_LEVEL = "-Onone";
			};
			name = Debug;
		};
		22DCA43629AB4D2B001ED045 /* Release */ = {
			isa = XCBuildConfiguration;
			buildSettings = {
				ALWAYS_SEARCH_USER_PATHS = NO;
				CLANG_ANALYZER_NONNULL = YES;
				CLANG_ANALYZER_NUMBER_OBJECT_CONVERSION = YES_AGGRESSIVE;
				CLANG_CXX_LANGUAGE_STANDARD = "gnu++20";
				CLANG_ENABLE_MODULES = YES;
				CLANG_ENABLE_OBJC_ARC = YES;
				CLANG_ENABLE_OBJC_WEAK = YES;
				CLANG_WARN_BLOCK_CAPTURE_AUTORELEASING = YES;
				CLANG_WARN_BOOL_CONVERSION = YES;
				CLANG_WARN_COMMA = YES;
				CLANG_WARN_CONSTANT_CONVERSION = YES;
				CLANG_WARN_DEPRECATED_OBJC_IMPLEMENTATIONS = YES;
				CLANG_WARN_DIRECT_OBJC_ISA_USAGE = YES_ERROR;
				CLANG_WARN_DOCUMENTATION_COMMENTS = YES;
				CLANG_WARN_EMPTY_BODY = YES;
				CLANG_WARN_ENUM_CONVERSION = YES;
				CLANG_WARN_INFINITE_RECURSION = YES;
				CLANG_WARN_INT_CONVERSION = YES;
				CLANG_WARN_NON_LITERAL_NULL_CONVERSION = YES;
				CLANG_WARN_OBJC_IMPLICIT_RETAIN_SELF = YES;
				CLANG_WARN_OBJC_LITERAL_CONVERSION = YES;
				CLANG_WARN_OBJC_ROOT_CLASS = YES_ERROR;
				CLANG_WARN_QUOTED_INCLUDE_IN_FRAMEWORK_HEADER = YES;
				CLANG_WARN_RANGE_LOOP_ANALYSIS = YES;
				CLANG_WARN_STRICT_PROTOTYPES = YES;
				CLANG_WARN_SUSPICIOUS_MOVE = YES;
				CLANG_WARN_UNGUARDED_AVAILABILITY = YES_AGGRESSIVE;
				CLANG_WARN_UNREACHABLE_CODE = YES;
				CLANG_WARN__DUPLICATE_METHOD_MATCH = YES;
				COPY_PHASE_STRIP = NO;
				DEBUG_INFORMATION_FORMAT = "dwarf-with-dsym";
				ENABLE_NS_ASSERTIONS = NO;
				ENABLE_STRICT_OBJC_MSGSEND = YES;
				GCC_C_LANGUAGE_STANDARD = gnu11;
				GCC_NO_COMMON_BLOCKS = YES;
				GCC_WARN_64_TO_32_BIT_CONVERSION = YES;
				GCC_WARN_ABOUT_RETURN_TYPE = YES_ERROR;
				GCC_WARN_UNDECLARED_SELECTOR = YES;
				GCC_WARN_UNINITIALIZED_AUTOS = YES_AGGRESSIVE;
				GCC_WARN_UNUSED_FUNCTION = YES;
				GCC_WARN_UNUSED_VARIABLE = YES;
				IPHONEOS_DEPLOYMENT_TARGET = 16.1;
				MTL_ENABLE_DEBUG_INFO = NO;
				MTL_FAST_MATH = YES;
				SDKROOT = iphoneos;
				SWIFT_COMPILATION_MODE = wholemodule;
				SWIFT_OPTIMIZATION_LEVEL = "-O";
				VALIDATE_PRODUCT = YES;
			};
			name = Release;
		};
		22DCA43829AB4D2B001ED045 /* Debug */ = {
			isa = XCBuildConfiguration;
			buildSettings = {
				ASSETCATALOG_COMPILER_APPICON_NAME = AppIcon;
				ASSETCATALOG_COMPILER_GLOBAL_ACCENT_COLOR_NAME = AccentColor;
				CODE_SIGN_STYLE = Automatic;
				CURRENT_PROJECT_VERSION = 1;
				DEVELOPMENT_ASSET_PATHS = "\"SwiftUber/Preview Content\"";
				DEVELOPMENT_TEAM = 2V4848U2LJ;
				ENABLE_PREVIEWS = YES;
				GENERATE_INFOPLIST_FILE = YES;
				INFOPLIST_KEY_NSLocationWhenInUseUsageDescription = "Allow you location to find nearby riders and drivers";
				INFOPLIST_KEY_UIApplicationSceneManifest_Generation = YES;
				INFOPLIST_KEY_UIApplicationSupportsIndirectInputEvents = YES;
				INFOPLIST_KEY_UILaunchScreen_Generation = YES;
				INFOPLIST_KEY_UISupportedInterfaceOrientations_iPad = "UIInterfaceOrientationPortrait UIInterfaceOrientationPortraitUpsideDown UIInterfaceOrientationLandscapeLeft UIInterfaceOrientationLandscapeRight";
				INFOPLIST_KEY_UISupportedInterfaceOrientations_iPhone = "UIInterfaceOrientationPortrait UIInterfaceOrientationLandscapeLeft UIInterfaceOrientationLandscapeRight";
				LD_RUNPATH_SEARCH_PATHS = (
					"$(inherited)",
					"@executable_path/Frameworks",
				);
				MARKETING_VERSION = 1.0;
				PRODUCT_BUNDLE_IDENTIFIER = com.saytoonz.SwiftUber;
				PRODUCT_NAME = "$(TARGET_NAME)";
				SWIFT_EMIT_LOC_STRINGS = YES;
				SWIFT_VERSION = 5.0;
				TARGETED_DEVICE_FAMILY = "1,2";
			};
			name = Debug;
		};
		22DCA43929AB4D2B001ED045 /* Release */ = {
			isa = XCBuildConfiguration;
			buildSettings = {
				ASSETCATALOG_COMPILER_APPICON_NAME = AppIcon;
				ASSETCATALOG_COMPILER_GLOBAL_ACCENT_COLOR_NAME = AccentColor;
				CODE_SIGN_STYLE = Automatic;
				CURRENT_PROJECT_VERSION = 1;
				DEVELOPMENT_ASSET_PATHS = "\"SwiftUber/Preview Content\"";
				DEVELOPMENT_TEAM = 2V4848U2LJ;
				ENABLE_PREVIEWS = YES;
				GENERATE_INFOPLIST_FILE = YES;
				INFOPLIST_KEY_NSLocationWhenInUseUsageDescription = "Allow you location to find nearby riders and drivers";
				INFOPLIST_KEY_UIApplicationSceneManifest_Generation = YES;
				INFOPLIST_KEY_UIApplicationSupportsIndirectInputEvents = YES;
				INFOPLIST_KEY_UILaunchScreen_Generation = YES;
				INFOPLIST_KEY_UISupportedInterfaceOrientations_iPad = "UIInterfaceOrientationPortrait UIInterfaceOrientationPortraitUpsideDown UIInterfaceOrientationLandscapeLeft UIInterfaceOrientationLandscapeRight";
				INFOPLIST_KEY_UISupportedInterfaceOrientations_iPhone = "UIInterfaceOrientationPortrait UIInterfaceOrientationLandscapeLeft UIInterfaceOrientationLandscapeRight";
				LD_RUNPATH_SEARCH_PATHS = (
					"$(inherited)",
					"@executable_path/Frameworks",
				);
				MARKETING_VERSION = 1.0;
				PRODUCT_BUNDLE_IDENTIFIER = com.saytoonz.SwiftUber;
				PRODUCT_NAME = "$(TARGET_NAME)";
				SWIFT_EMIT_LOC_STRINGS = YES;
				SWIFT_VERSION = 5.0;
				TARGETED_DEVICE_FAMILY = "1,2";
			};
			name = Release;
		};
/* End XCBuildConfiguration section */

/* Begin XCConfigurationList section */
		22DCA42429AB4D25001ED045 /* Build configuration list for PBXProject "SwiftUber" */ = {
			isa = XCConfigurationList;
			buildConfigurations = (
				22DCA43529AB4D2B001ED045 /* Debug */,
				22DCA43629AB4D2B001ED045 /* Release */,
			);
			defaultConfigurationIsVisible = 0;
			defaultConfigurationName = Release;
		};
		22DCA43729AB4D2B001ED045 /* Build configuration list for PBXNativeTarget "SwiftUber" */ = {
			isa = XCConfigurationList;
			buildConfigurations = (
				22DCA43829AB4D2B001ED045 /* Debug */,
				22DCA43929AB4D2B001ED045 /* Release */,
			);
			defaultConfigurationIsVisible = 0;
			defaultConfigurationName = Release;
		};
/* End XCConfigurationList section */
	};
	rootObject = 22DCA42129AB4D25001ED045 /* Project object */;
}
